
Microsoft Visual Studio Solution File, Format Version 12.00
# Visual Studio 15
VisualStudioVersion = 15.0.27130.2036
MinimumVisualStudioVersion = 10.0.40219.1
Project("{FAE04EC0-301F-11D3-BF4B-00C04F79EFBC}") = "MyDemoPractical", "MyDemoPractical\MyDemoPractical.csproj", "{AB6538F9-A90B-43DA-977B-870CD0604AFF}"
EndProject
Global
	GlobalSection(SolutionConfigurationPlatforms) = preSolution
		Debug|Any CPU = Debug|Any CPU
		Release|Any CPU = Release|Any CPU
	EndGlobalSection
	GlobalSection(ProjectConfigurationPlatforms) = postSolution
		{AB6538F9-A90B-43DA-977B-870CD0604AFF}.Debug|Any CPU.ActiveCfg = Debug|Any CPU
		{AB6538F9-A90B-43DA-977B-870CD0604AFF}.Debug|Any CPU.Build.0 = Debug|Any CPU
		{AB6538F9-A90B-43DA-977B-870CD0604AFF}.Release|Any CPU.ActiveCfg = Release|Any CPU
		{AB6538F9-A90B-43DA-977B-870CD0604AFF}.Release|Any CPU.Build.0 = Release|Any CPU
	EndGlobalSection
	GlobalSection(SolutionProperties) = preSolution
		HideSolutionNode = FALSE
	EndGlobalSection
	GlobalSection(ExtensibilityGlobals) = postSolution
		SolutionGuid = {7D97E7E3-073A-4395-9CBF-71CEBA8720E3}
	EndGlobalSection
EndGlobal
